<?xml version="1.0" encoding="utf-8"?>
<Project ToolsVersion="4.0" xmlns="http://schemas.microsoft.com/developer/msbuild/2003">
  <ItemGroup>
    <Filter Include="Resource Files">
      <UniqueIdentifier>{67DA6AB6-F800-4c08-8B7A-83BB121AAD01}</UniqueIdentifier>
      <Extensions>rc;ico;cur;bmp;dlg;rc2;rct;bin;rgs;gif;jpg;jpeg;jpe;resx;tiff;tif;png;wav;mfcribbon-ms</Extensions>
    </Filter>
    <Filter Include="Components">
      <UniqueIdentifier>{4FC737F1-C7A5-4376-A066-2A32D752A2FF}</UniqueIdentifier>
      <Extensions>cpp;c;cc;cxx;c++;cppm;ixx;def;odl;idl;hpj;bat;asm;asmx</Extensions>
    </Filter>
    <Filter Include="GameObjects">
      <UniqueIdentifier>{93995380-89BD-4b04-88EB-625FBE52EBFB}</UniqueIdentifier>
      <Extensions>h;hh;hpp;hxx;h++;hm;inl;inc;ipp;xsd</Extensions>
    </Filter>
    <Filter Include="Commands">
      <UniqueIdentifier>{3023e718-7d65-4d4c-a931-e3cf3b977f25}</UniqueIdentifier>
    </Filter>
    <Filter Include="Scenes">
      <UniqueIdentifier>{514c5a23-c635-4447-99f0-cb8f5426d51f}</UniqueIdentifier>
    </Filter>
  </ItemGroup>
  <ItemGroup>
    <ClCompile Include="Main.cpp" />
    <ClCompile Include="..\Minigin\GameObjectManager.cpp" />
    <ClCompile Include="..\Minigin\PointComponent.cpp">
      <Filter>Components</Filter>
    </ClCompile>
    <ClCompile Include="..\Minigin\LivesComponent.cpp">
      <Filter>Components</Filter>
    </ClCompile>
    <ClCompile Include="..\Minigin\HealthComponent.cpp">
      <Filter>Components</Filter>
    </ClCompile>
    <ClCompile Include="..\Minigin\FPSCounter.cpp">
      <Filter>Components</Filter>
    </ClCompile>
    <ClCompile Include="..\Minigin\RotatingMovement.cpp">
      <Filter>Components</Filter>
    </ClCompile>
    <ClCompile Include="..\Minigin\TrashTheCache.cpp">
      <Filter>Components</Filter>
    </ClCompile>
    <ClCompile Include="..\Minigin\PointCommand.cpp">
      <Filter>Commands</Filter>
    </ClCompile>
    <ClCompile Include="..\Minigin\MoveCommand.cpp">
      <Filter>Commands</Filter>
    </ClCompile>
    <ClCompile Include="..\Minigin\KillCommand.cpp">
      <Filter>Commands</Filter>
    </ClCompile>
    <ClCompile Include="FirstScene.cpp">
      <Filter>Scenes</Filter>
    </ClCompile>
    <ClCompile Include="GridComponent.cpp">
      <Filter>Components</Filter>
    </ClCompile>
    <ClCompile Include="PauseCommand.cpp">
      <Filter>Commands</Filter>
    </ClCompile>
  </ItemGroup>
  <ItemGroup>
    <ClInclude Include="..\Minigin\GameObjectManager.h" />
    <ClInclude Include="..\Minigin\PointComponent.h">
      <Filter>Components</Filter>
    </ClInclude>
    <ClInclude Include="..\Minigin\LivesComponent.h">
      <Filter>Components</Filter>
    </ClInclude>
    <ClInclude Include="..\Minigin\HealthComponent.h">
      <Filter>Components</Filter>
    </ClInclude>
    <ClInclude Include="..\Minigin\FPSCounter.h">
      <Filter>Components</Filter>
    </ClInclude>
    <ClInclude Include="..\Minigin\RotatingMovement.h">
      <Filter>Components</Filter>
    </ClInclude>
    <ClInclude Include="..\Minigin\TrashTheCache.h">
      <Filter>Components</Filter>
    </ClInclude>
    <ClInclude Include="..\Minigin\PointCommand.h">
      <Filter>Commands</Filter>
    </ClInclude>
    <ClInclude Include="..\Minigin\MoveCommand.h">
      <Filter>Commands</Filter>
    </ClInclude>
    <ClInclude Include="..\Minigin\KillCommand.h">
      <Filter>Commands</Filter>
    </ClInclude>
    <ClInclude Include="FirstScene.h">
      <Filter>Scenes</Filter>
    </ClInclude>
    <ClInclude Include="GridComponent.h">
      <Filter>Components</Filter>
    </ClInclude>
    <ClInclude Include="PauseCommand.h">
      <Filter>Commands</Filter>
    </ClInclude>
  </ItemGroup>
</Project>