<?xml version="1.0" encoding="utf-8"?>
<Project ToolsVersion="4.0" xmlns="http://schemas.microsoft.com/developer/msbuild/2003">
  <ItemGroup>
    <Filter Include="Resource Files">
      <UniqueIdentifier>{67DA6AB6-F800-4c08-8B7A-83BB121AAD01}</UniqueIdentifier>
      <Extensions>rc;ico;cur;bmp;dlg;rc2;rct;bin;rgs;gif;jpg;jpeg;jpe;resx;tiff;tif;png;wav;mfcribbon-ms</Extensions>
    </Filter>
    <Filter Include="Components">
      <UniqueIdentifier>{4FC737F1-C7A5-4376-A066-2A32D752A2FF}</UniqueIdentifier>
      <Extensions>cpp;c;cc;cxx;c++;cppm;ixx;def;odl;idl;hpj;bat;asm;asmx</Extensions>
    </Filter>
    <Filter Include="GameObjects">
      <UniqueIdentifier>{93995380-89BD-4b04-88EB-625FBE52EBFB}</UniqueIdentifier> 
      <Extensions>h;hh;hpp;hxx;h++;hm;inl;inc;ipp;xsd</Extensions>
    </Filter>
    <Filter Include="Commands">
      <UniqueIdentifier>{3023e718-7d65-4d4c-a931-e3cf3b977f25}</UniqueIdentifier>
    </Filter>
    <Filter Include="Scenes">
      <UniqueIdentifier>{514c5a23-c635-4447-99f0-cb8f5426d51f}</UniqueIdentifier>
    </Filter>
    <Filter Include="Components\Character">
      <UniqueIdentifier>{5f88a283-d74a-48f4-97b0-c84e9be60117}</UniqueIdentifier>
    </Filter>
    <Filter Include="Components\Grid">
      <UniqueIdentifier>{216eb208-3fd0-4549-b7d2-6868a9adcbdf}</UniqueIdentifier>
    </Filter>
    <Filter Include="Components\Other">
      <UniqueIdentifier>{bceb1020-47a9-4678-a2a7-d5ccb3c7b7fc}</UniqueIdentifier>
    </Filter>
    <Filter Include="Components\Enemies">
      <UniqueIdentifier>{213b51ab-d8a5-45b9-8ff6-90e757fe5b95}</UniqueIdentifier>
    </Filter>
    <Filter Include="States">
      <UniqueIdentifier>{5c42453d-8c37-4b21-a774-5fca0fe0dd64}</UniqueIdentifier>
    </Filter>
    <Filter Include="States\Player">
      <UniqueIdentifier>{55d4ca2f-92d9-489b-aa5f-41f887a14ae8}</UniqueIdentifier>
    </Filter>
    <Filter Include="States\Enemy">
      <UniqueIdentifier>{497a4a48-b8df-45d7-853f-72e6a3a38213}</UniqueIdentifier>
    </Filter>
  </ItemGroup>
  <ItemGroup>
    <ClCompile Include="Main.cpp" />
    <ClCompile Include="DigDugScene.cpp">
      <Filter>Scenes</Filter>
    </ClCompile>
    <ClCompile Include="CharacterComponent.cpp">
      <Filter>Components\Character</Filter>
    </ClCompile>
    <ClCompile Include="GridComponent.cpp">
      <Filter>Components\Grid</Filter>
    </ClCompile>
    <ClCompile Include="RockComponent.cpp">
      <Filter>Components\Grid</Filter>
    </ClCompile>
    <ClCompile Include="EnemyManager.cpp">
      <Filter>Components\Enemies</Filter>
    </ClCompile>
    <ClCompile Include="EnemyComponent.cpp">
      <Filter>Components\Enemies</Filter>
    </ClCompile>
    <ClCompile Include="RopeComponent.cpp">
      <Filter>Components\Character</Filter>
    </ClCompile>
    <ClCompile Include="BlowingState.cpp">
      <Filter>States\Player</Filter>
    </ClCompile>
    <ClCompile Include="DiggingState.cpp">
      <Filter>States\Player</Filter>
    </ClCompile>
    <ClCompile Include="ShootingState.cpp">
      <Filter>States\Player</Filter>
    </ClCompile>
    <ClCompile Include="CaughtState.cpp">
      <Filter>States\Enemy</Filter>
    </ClCompile>
    <ClCompile Include="ChaseState.cpp">
      <Filter>States\Enemy</Filter>
    </ClCompile>
    <ClCompile Include="GhostState.cpp">
      <Filter>States\Enemy</Filter>
    </ClCompile>
    <ClCompile Include="RoamingState.cpp">
      <Filter>States\Enemy</Filter>
    </ClCompile>
    <ClCompile Include="EnemySquashedState.cpp">
      <Filter>States\Enemy</Filter>
    </ClCompile>
    <ClCompile Include="FleeState.cpp">
      <Filter>States\Enemy</Filter>
    </ClCompile>
    <ClCompile Include="PlayerSquashedState.cpp">
      <Filter>States\Player</Filter>
    </ClCompile>
    <ClCompile Include="HitState.cpp">
      <Filter>States\Player</Filter>
    </ClCompile>
    <ClCompile Include="AttackState.cpp">
      <Filter>States\Enemy</Filter>
    </ClCompile>
    <ClCompile Include="DigDugSceneManager.cpp">
      <Filter>Scenes</Filter>
    </ClCompile>
    <ClCompile Include="PlayerManager.cpp">
      <Filter>Components\Character</Filter>
    </ClCompile>
    <ClCompile Include="UIScene.cpp">
      <Filter>Scenes</Filter>
    </ClCompile>
    <ClCompile Include="SelectionComponent.cpp">
      <Filter>Components\Other</Filter>
    </ClCompile>
    <ClCompile Include="InGameUIScene.cpp">
      <Filter>Scenes</Filter>
    </ClCompile>
    <ClCompile Include="LivesComponent.cpp">
      <Filter>Components\Character</Filter>
    </ClCompile>
    <ClCompile Include="FireComponent.cpp">
      <Filter>Components\Enemies</Filter>
    </ClCompile>
    <ClCompile Include="EventCommand.cpp">
      <Filter>Commands</Filter>
    </ClCompile>
    <ClCompile Include="HighScoreComponent.cpp">
      <Filter>Components\Character</Filter>
    </ClCompile>
    <ClCompile Include="ScoreInputComponent.cpp">
      <Filter>Components\Character</Filter>
    </ClCompile>
    <ClCompile Include="SkipLevelCommand.cpp">
      <Filter>Commands</Filter>
    </ClCompile>
    <ClCompile Include="MuteCommand.cpp">
      <Filter>Commands</Filter>
    </ClCompile>
    <ClCompile Include="MoveCommand.cpp">
      <Filter>Commands</Filter>
    </ClCompile>
    <ClCompile Include="ScoreComponent.cpp">
      <Filter>Components\Character</Filter>
    </ClCompile>
    <ClCompile Include="DestroyOnEventComponent.cpp">
      <Filter>Components\Other</Filter>
    </ClCompile>
  </ItemGroup>
  <ItemGroup>
    <ClInclude Include="DigDugScene.h">
      <Filter>Scenes</Filter>
    </ClInclude>
    <ClInclude Include="CharacterComponent.h">
      <Filter>Components\Character</Filter>
    </ClInclude>
    <ClInclude Include="RockComponent.h">
      <Filter>Components\Grid</Filter>
    </ClInclude>
    <ClInclude Include="GridComponent.h">
      <Filter>Components\Grid</Filter>
    </ClInclude>
    <ClInclude Include="EnemyManager.h">
      <Filter>Components\Enemies</Filter>
    </ClInclude>
    <ClInclude Include="EnemyComponent.h">
      <Filter>Components\Enemies</Filter>
    </ClInclude>
    <ClInclude Include="GridHelpers.h">
      <Filter>Components\Grid</Filter>
    </ClInclude>
    <ClInclude Include="RopeComponent.h">
      <Filter>Components\Character</Filter>
    </ClInclude>
    <ClInclude Include="BlowingState.h">
      <Filter>States\Player</Filter>
    </ClInclude>
    <ClInclude Include="CharacterState.h">
      <Filter>States\Player</Filter>
    </ClInclude>
    <ClInclude Include="DiggingState.h">
      <Filter>States\Player</Filter>
    </ClInclude>
    <ClInclude Include="ShootingState.h">
      <Filter>States\Player</Filter>
    </ClInclude>
    <ClInclude Include="CaughtState.h">
      <Filter>States\Enemy</Filter>
    </ClInclude>
    <ClInclude Include="ChaseState.h">
      <Filter>States\Enemy</Filter>
    </ClInclude>
    <ClInclude Include="EnemyState.h">
      <Filter>States\Enemy</Filter>
    </ClInclude>
    <ClInclude Include="GhostState.h">
      <Filter>States\Enemy</Filter>
    </ClInclude>
    <ClInclude Include="RoamingState.h">
      <Filter>States\Enemy</Filter>
    </ClInclude>
    <ClInclude Include="EnemySquashedState.h">
      <Filter>States\Enemy</Filter>
    </ClInclude>
    <ClInclude Include="FleeState.h">
      <Filter>States\Enemy</Filter>
    </ClInclude>
    <ClInclude Include="PlayerSquashedState.h">
      <Filter>States\Player</Filter>
    </ClInclude>
    <ClInclude Include="HitState.h">
      <Filter>States\Player</Filter>
    </ClInclude>
    <ClInclude Include="AttackState.h">
      <Filter>States\Enemy</Filter>
    </ClInclude>
    <ClInclude Include="DigDugSceneManager.h">
      <Filter>Scenes</Filter>
    </ClInclude>
    <ClInclude Include="PlayerManager.h">
      <Filter>Components\Character</Filter>
    </ClInclude>
    <ClInclude Include="UIScene.h">
      <Filter>Scenes</Filter>
    </ClInclude>
    <ClInclude Include="SelectionComponent.h">
      <Filter>Components\Other</Filter>
    </ClInclude>
    <ClInclude Include="InGameUIScene.h">
      <Filter>Scenes</Filter>
    </ClInclude>
    <ClInclude Include="LivesComponent.h">
      <Filter>Components\Character</Filter>
    </ClInclude>
    <ClInclude Include="FireComponent.h">
      <Filter>Components\Enemies</Filter>
    </ClInclude>
    <ClInclude Include="EventCommand.h">
      <Filter>Commands</Filter>
    </ClInclude>
    <ClInclude Include="HighScoreComponent.h">
      <Filter>Components\Character</Filter>
    </ClInclude>
    <ClInclude Include="ScoreInputComponent.h">
      <Filter>Components\Character</Filter>
    </ClInclude>
    <ClInclude Include="SkipLevelCommand.h">
      <Filter>Commands</Filter>
    </ClInclude>
    <ClInclude Include="MuteCommand.h">
      <Filter>Commands</Filter>
    </ClInclude>
    <ClInclude Include="EventsEnum.h">
      <Filter>GameObjects</Filter>
    </ClInclude>
    <ClInclude Include="MoveCommand.h">
      <Filter>Commands</Filter>
    </ClInclude>
    <ClInclude Include="ScoreComponent.h">
      <Filter>Components\Character</Filter>
    </ClInclude>
    <ClInclude Include="DestroyOnEventComponent.h">
      <Filter>Components\Other</Filter>
    </ClInclude>
  </ItemGroup>
</Project>